
PODS:
- AFNetworking (1.1.0)
- JSONKit (1.5pre)
- MBProgressHUD (0.5)
- RegexKitLite (4.0)
- TTTAttributedLabel (1.4.1)

DEPENDENCIES:
- AFNetworking
- JSONKit
- MBProgressHUD
- RegexKitLite
- TTTAttributedLabel

SPEC CHECKSUMS:
  AFNetworking: 761a418233d280c1e0580bcb76ff9cb4c3073d17
  JSONKit: 3d4708953ea7ae399a49777372d8b060a43ddd27
  MBProgressHUD: b23ee11c42253d6d804e8e0bfabdc334e8b2571f
  RegexKitLite: 293ff6f3cf8f34277989a37802162c6961a2b35a
  TTTAttributedLabel: d4e6d8abb6c91fbdca6d9eb0154d9169515204c2

COCOAPODS: 0.16.0
