// !$*UTF8*$!
{
	archiveVersion = 1;
	classes = {
	};
	objectVersion = 46;
	objects = {

/* Begin PBXBuildFile section */
		38154372169AFF2100969009 /* ChatsListTableViewCell.m in Sources */ = {isa = PBXBuildFile; fileRef = 38154371169AFF2100969009 /* ChatsListTableViewCell.m */; };
		38154375169AFF6B00969009 /* EPChat.m in Sources */ = {isa = PBXBuildFile; fileRef = 38154374169AFF6B00969009 /* EPChat.m */; };
		384AED7B16BE64C300B21093 /* bubbleMine.png in Resources */ = {isa = PBXBuildFile; fileRef = 384AED7116BE64C300B21093 /* bubbleMine.png */; };
		384AED7C16BE64C300B21093 /* bubbleMine@2x.png in Resources */ = {isa = PBXBuildFile; fileRef = 384AED7216BE64C300B21093 /* bubbleMine@2x.png */; };
		384AED7D16BE64C300B21093 /* bubbleSomeone.png in Resources */ = {isa = PBXBuildFile; fileRef = 384AED7316BE64C300B21093 /* bubbleSomeone.png */; };
		384AED7E16BE64C300B21093 /* bubbleSomeone@2x.png in Resources */ = {isa = PBXBuildFile; fileRef = 384AED7416BE64C300B21093 /* bubbleSomeone@2x.png */; };
		384AED7F16BE64C300B21093 /* missingAvatar.png in Resources */ = {isa = PBXBuildFile; fileRef = 384AED7516BE64C300B21093 /* missingAvatar.png */; };
		384AED8016BE64C300B21093 /* missingAvatar@2x.png in Resources */ = {isa = PBXBuildFile; fileRef = 384AED7616BE64C300B21093 /* missingAvatar@2x.png */; };
		384AED8116BE64C300B21093 /* typingMine.png in Resources */ = {isa = PBXBuildFile; fileRef = 384AED7716BE64C300B21093 /* typingMine.png */; };
		384AED8216BE64C300B21093 /* typingMine@2x.png in Resources */ = {isa = PBXBuildFile; fileRef = 384AED7816BE64C300B21093 /* typingMine@2x.png */; };
		384AED8316BE64C300B21093 /* typingSomeone.png in Resources */ = {isa = PBXBuildFile; fileRef = 384AED7916BE64C300B21093 /* typingSomeone.png */; };
		384AED8416BE64C300B21093 /* typingSomeone@2x.png in Resources */ = {isa = PBXBuildFile; fileRef = 384AED7A16BE64C300B21093 /* typingSomeone@2x.png */; };
		385D47A61699781F00731895 /* UIKit.framework in Frameworks */ = {isa = PBXBuildFile; fileRef = 385D47A51699781F00731895 /* UIKit.framework */; };
		385D47A81699781F00731895 /* Foundation.framework in Frameworks */ = {isa = PBXBuildFile; fileRef = 385D47A71699781F00731895 /* Foundation.framework */; };
		385D47AA1699781F00731895 /* CoreGraphics.framework in Frameworks */ = {isa = PBXBuildFile; fileRef = 385D47A91699781F00731895 /* CoreGraphics.framework */; };
		385D47B01699781F00731895 /* InfoPlist.strings in Resources */ = {isa = PBXBuildFile; fileRef = 385D47AE1699781F00731895 /* InfoPlist.strings */; };
		385D47B21699781F00731895 /* main.m in Sources */ = {isa = PBXBuildFile; fileRef = 385D47B11699781F00731895 /* main.m */; };
		385D47B61699781F00731895 /* AppDelegate.m in Sources */ = {isa = PBXBuildFile; fileRef = 385D47B51699781F00731895 /* AppDelegate.m */; };
		385D47D816997A9C00731895 /* Default-568h@2x.png in Resources */ = {isa = PBXBuildFile; fileRef = 385D47D316997A9C00731895 /* Default-568h@2x.png */; };
		385D47D916997A9C00731895 /* Default.png in Resources */ = {isa = PBXBuildFile; fileRef = 385D47D416997A9C00731895 /* Default.png */; };
		385D47DA16997A9C00731895 /* Default@2x.png in Resources */ = {isa = PBXBuildFile; fileRef = 385D47D516997A9C00731895 /* Default@2x.png */; };
		385D47DB16997A9C00731895 /* Icon.png in Resources */ = {isa = PBXBuildFile; fileRef = 385D47D616997A9C00731895 /* Icon.png */; };
		385D47DC16997A9C00731895 /* Icon@2x.png in Resources */ = {isa = PBXBuildFile; fileRef = 385D47D716997A9C00731895 /* Icon@2x.png */; };
		385D47F41699AA6800731895 /* NoticeViewController.m in Sources */ = {isa = PBXBuildFile; fileRef = 385D47F31699AA6800731895 /* NoticeViewController.m */; };
		385D47F81699AB3700731895 /* SocialViewController.m in Sources */ = {isa = PBXBuildFile; fileRef = 385D47F71699AB3700731895 /* SocialViewController.m */; };
		385D47FB1699AB4A00731895 /* SettingsViewController.m in Sources */ = {isa = PBXBuildFile; fileRef = 385D47FA1699AB4A00731895 /* SettingsViewController.m */; };
		385D47FE1699AB6200731895 /* ChatsListViewController.m in Sources */ = {isa = PBXBuildFile; fileRef = 385D47FD1699AB6200731895 /* ChatsListViewController.m */; };
		38DDF0EB16BD157B0054146E /* ChatsViewController.m in Sources */ = {isa = PBXBuildFile; fileRef = 38DDF0EA16BD157B0054146E /* ChatsViewController.m */; };
		38DDF0EE16BD198B0054146E /* ChatsTableViewCell.m in Sources */ = {isa = PBXBuildFile; fileRef = 38DDF0ED16BD198B0054146E /* ChatsTableViewCell.m */; };
		38DDF0F216BD19B80054146E /* ChatsHeaderTableViewCell.m in Sources */ = {isa = PBXBuildFile; fileRef = 38DDF0F116BD19B80054146E /* ChatsHeaderTableViewCell.m */; };
		38DDF0F516BD1C3C0054146E /* ChatsTableView.m in Sources */ = {isa = PBXBuildFile; fileRef = 38DDF0F416BD1C3C0054146E /* ChatsTableView.m */; };
		38E199D01699C203000F30A2 /* Localizable.strings in Resources */ = {isa = PBXBuildFile; fileRef = 38E199D21699C203000F30A2 /* Localizable.strings */; };
		38FC2C81169A5AD9009C121C /* EPModelBase.m in Sources */ = {isa = PBXBuildFile; fileRef = 38FC2C80169A5AD9009C121C /* EPModelBase.m */; };
		38FC2C84169A5B10009C121C /* EPNotice.m in Sources */ = {isa = PBXBuildFile; fileRef = 38FC2C83169A5B10009C121C /* EPNotice.m */; };
		38FC2C89169A5BFB009C121C /* chats_tabbar.png in Resources */ = {isa = PBXBuildFile; fileRef = 38FC2C85169A5BFB009C121C /* chats_tabbar.png */; };
		38FC2C8A169A5BFB009C121C /* notice_tabbar.png in Resources */ = {isa = PBXBuildFile; fileRef = 38FC2C86169A5BFB009C121C /* notice_tabbar.png */; };
		38FC2C8B169A5BFB009C121C /* settings_tabbar.png in Resources */ = {isa = PBXBuildFile; fileRef = 38FC2C87169A5BFB009C121C /* settings_tabbar.png */; };
		38FC2C8C169A5BFB009C121C /* social_tabbar.png in Resources */ = {isa = PBXBuildFile; fileRef = 38FC2C88169A5BFB009C121C /* social_tabbar.png */; };
		38FC2D2D169BC73A009C121C /* UIColor+Explorer.m in Sources */ = {isa = PBXBuildFile; fileRef = 38FC2D2C169BC73A009C121C /* UIColor+Explorer.m */; };
		38FC2D31169BC843009C121C /* NoticeTableViewCell.m in Sources */ = {isa = PBXBuildFile; fileRef = 38FC2D30169BC843009C121C /* NoticeTableViewCell.m */; };
		4B1F726DE85248A5AB654678 /* libPods.a in Frameworks */ = {isa = PBXBuildFile; fileRef = 777D73D29F014FBD8AC849F4 /* libPods.a */; };
/* End PBXBuildFile section */

/* Begin PBXFileReference section */
		38154370169AFF2100969009 /* ChatsListTableViewCell.h */ = {isa = PBXFileReference; fileEncoding = 4; lastKnownFileType = sourcecode.c.h; path = ChatsListTableViewCell.h; sourceTree = "<group>"; };
		38154371169AFF2100969009 /* ChatsListTableViewCell.m */ = {isa = PBXFileReference; fileEncoding = 4; lastKnownFileType = sourcecode.c.objc; path = ChatsListTableViewCell.m; sourceTree = "<group>"; };
		38154373169AFF6B00969009 /* EPChat.h */ = {isa = PBXFileReference; fileEncoding = 4; lastKnownFileType = sourcecode.c.h; path = EPChat.h; sourceTree = "<group>"; };
		38154374169AFF6B00969009 /* EPChat.m */ = {isa = PBXFileReference; fileEncoding = 4; lastKnownFileType = sourcecode.c.objc; path = EPChat.m; sourceTree = "<group>"; };
		384AED7116BE64C300B21093 /* bubbleMine.png */ = {isa = PBXFileReference; lastKnownFileType = image.png; path = bubbleMine.png; sourceTree = "<group>"; };
		384AED7216BE64C300B21093 /* bubbleMine@2x.png */ = {isa = PBXFileReference; lastKnownFileType = image.png; path = "bubbleMine@2x.png"; sourceTree = "<group>"; };
		384AED7316BE64C300B21093 /* bubbleSomeone.png */ = {isa = PBXFileReference; lastKnownFileType = image.png; path = bubbleSomeone.png; sourceTree = "<group>"; };
		384AED7416BE64C300B21093 /* bubbleSomeone@2x.png */ = {isa = PBXFileReference; lastKnownFileType = image.png; path = "bubbleSomeone@2x.png"; sourceTree = "<group>"; };
		384AED7516BE64C300B21093 /* missingAvatar.png */ = {isa = PBXFileReference; lastKnownFileType = image.png; path = missingAvatar.png; sourceTree = "<group>"; };
		384AED7616BE64C300B21093 /* missingAvatar@2x.png */ = {isa = PBXFileReference; lastKnownFileType = image.png; path = "missingAvatar@2x.png"; sourceTree = "<group>"; };
		384AED7716BE64C300B21093 /* typingMine.png */ = {isa = PBXFileReference; lastKnownFileType = image.png; path = typingMine.png; sourceTree = "<group>"; };
		384AED7816BE64C300B21093 /* typingMine@2x.png */ = {isa = PBXFileReference; lastKnownFileType = image.png; path = "typingMine@2x.png"; sourceTree = "<group>"; };
		384AED7916BE64C300B21093 /* typingSomeone.png */ = {isa = PBXFileReference; lastKnownFileType = image.png; path = typingSomeone.png; sourceTree = "<group>"; };
		384AED7A16BE64C300B21093 /* typingSomeone@2x.png */ = {isa = PBXFileReference; lastKnownFileType = image.png; path = "typingSomeone@2x.png"; sourceTree = "<group>"; };
		385D47A11699781F00731895 /* Explorer.app */ = {isa = PBXFileReference; explicitFileType = wrapper.application; includeInIndex = 0; path = Explorer.app; sourceTree = BUILT_PRODUCTS_DIR; };
		385D47A51699781F00731895 /* UIKit.framework */ = {isa = PBXFileReference; includeInIndex = 1; lastKnownFileType = wrapper.framework; name = UIKit.framework; path = System/Library/Frameworks/UIKit.framework; sourceTree = SDKROOT; };
		385D47A71699781F00731895 /* Foundation.framework */ = {isa = PBXFileReference; includeInIndex = 1; lastKnownFileType = wrapper.framework; name = Foundation.framework; path = System/Library/Frameworks/Foundation.framework; sourceTree = SDKROOT; };
		385D47A91699781F00731895 /* CoreGraphics.framework */ = {isa = PBXFileReference; includeInIndex = 1; lastKnownFileType = wrapper.framework; name = CoreGraphics.framework; path = System/Library/Frameworks/CoreGraphics.framework; sourceTree = SDKROOT; };
		385D47AD1699781F00731895 /* Explorer-Info.plist */ = {isa = PBXFileReference; lastKnownFileType = text.plist.xml; path = "Explorer-Info.plist"; sourceTree = "<group>"; };
		385D47AF1699781F00731895 /* en */ = {isa = PBXFileReference; lastKnownFileType = text.plist.strings; name = en; path = en.lproj/InfoPlist.strings; sourceTree = "<group>"; };
		385D47B11699781F00731895 /* main.m */ = {isa = PBXFileReference; lastKnownFileType = sourcecode.c.objc; path = main.m; sourceTree = "<group>"; };
		385D47B31699781F00731895 /* Explorer-Prefix.pch */ = {isa = PBXFileReference; lastKnownFileType = sourcecode.c.h; path = "Explorer-Prefix.pch"; sourceTree = "<group>"; };
		385D47B41699781F00731895 /* AppDelegate.h */ = {isa = PBXFileReference; lastKnownFileType = sourcecode.c.h; path = AppDelegate.h; sourceTree = "<group>"; };
		385D47B51699781F00731895 /* AppDelegate.m */ = {isa = PBXFileReference; lastKnownFileType = sourcecode.c.objc; path = AppDelegate.m; sourceTree = "<group>"; };
		385D47B71699781F00731895 /* Default.png */ = {isa = PBXFileReference; lastKnownFileType = image.png; path = Default.png; sourceTree = "<group>"; };
		385D47B91699781F00731895 /* Default@2x.png */ = {isa = PBXFileReference; lastKnownFileType = image.png; path = "Default@2x.png"; sourceTree = "<group>"; };
		385D47BB1699781F00731895 /* Default-568h@2x.png */ = {isa = PBXFileReference; lastKnownFileType = image.png; path = "Default-568h@2x.png"; sourceTree = "<group>"; };
		385D47CD1699790E00731895 /* zh-Hans */ = {isa = PBXFileReference; lastKnownFileType = text.plist.strings; name = "zh-Hans"; path = "zh-Hans.lproj/InfoPlist.strings"; sourceTree = "<group>"; };
		385D47D316997A9C00731895 /* Default-568h@2x.png */ = {isa = PBXFileReference; lastKnownFileType = image.png; path = "Default-568h@2x.png"; sourceTree = "<group>"; };
		385D47D416997A9C00731895 /* Default.png */ = {isa = PBXFileReference; lastKnownFileType = image.png; path = Default.png; sourceTree = "<group>"; };
		385D47D516997A9C00731895 /* Default@2x.png */ = {isa = PBXFileReference; lastKnownFileType = image.png; path = "Default@2x.png"; sourceTree = "<group>"; };
		385D47D616997A9C00731895 /* Icon.png */ = {isa = PBXFileReference; lastKnownFileType = image.png; path = Icon.png; sourceTree = "<group>"; };
		385D47D716997A9C00731895 /* Icon@2x.png */ = {isa = PBXFileReference; lastKnownFileType = image.png; path = "Icon@2x.png"; sourceTree = "<group>"; };
		385D47F21699AA6800731895 /* NoticeViewController.h */ = {isa = PBXFileReference; fileEncoding = 4; lastKnownFileType = sourcecode.c.h; path = NoticeViewController.h; sourceTree = "<group>"; };
		385D47F31699AA6800731895 /* NoticeViewController.m */ = {isa = PBXFileReference; fileEncoding = 4; lastKnownFileType = sourcecode.c.objc; path = NoticeViewController.m; sourceTree = "<group>"; };
		385D47F61699AB3700731895 /* SocialViewController.h */ = {isa = PBXFileReference; fileEncoding = 4; lastKnownFileType = sourcecode.c.h; path = SocialViewController.h; sourceTree = "<group>"; };
		385D47F71699AB3700731895 /* SocialViewController.m */ = {isa = PBXFileReference; fileEncoding = 4; lastKnownFileType = sourcecode.c.objc; path = SocialViewController.m; sourceTree = "<group>"; };
		385D47F91699AB4A00731895 /* SettingsViewController.h */ = {isa = PBXFileReference; fileEncoding = 4; lastKnownFileType = sourcecode.c.h; path = SettingsViewController.h; sourceTree = "<group>"; };
		385D47FA1699AB4A00731895 /* SettingsViewController.m */ = {isa = PBXFileReference; fileEncoding = 4; lastKnownFileType = sourcecode.c.objc; path = SettingsViewController.m; sourceTree = "<group>"; };
		385D47FC1699AB6200731895 /* ChatsListViewController.h */ = {isa = PBXFileReference; fileEncoding = 4; lastKnownFileType = sourcecode.c.h; path = ChatsListViewController.h; sourceTree = "<group>"; };
		385D47FD1699AB6200731895 /* ChatsListViewController.m */ = {isa = PBXFileReference; fileEncoding = 4; lastKnownFileType = sourcecode.c.objc; path = ChatsListViewController.m; sourceTree = "<group>"; };
		38DDF0E916BD157B0054146E /* ChatsViewController.h */ = {isa = PBXFileReference; fileEncoding = 4; lastKnownFileType = sourcecode.c.h; path = ChatsViewController.h; sourceTree = "<group>"; };
		38DDF0EA16BD157B0054146E /* ChatsViewController.m */ = {isa = PBXFileReference; fileEncoding = 4; lastKnownFileType = sourcecode.c.objc; path = ChatsViewController.m; sourceTree = "<group>"; };
		38DDF0EC16BD198B0054146E /* ChatsTableViewCell.h */ = {isa = PBXFileReference; fileEncoding = 4; lastKnownFileType = sourcecode.c.h; path = ChatsTableViewCell.h; sourceTree = "<group>"; };
		38DDF0ED16BD198B0054146E /* ChatsTableViewCell.m */ = {isa = PBXFileReference; fileEncoding = 4; lastKnownFileType = sourcecode.c.objc; path = ChatsTableViewCell.m; sourceTree = "<group>"; };
		38DDF0F016BD19B80054146E /* ChatsHeaderTableViewCell.h */ = {isa = PBXFileReference; fileEncoding = 4; lastKnownFileType = sourcecode.c.h; path = ChatsHeaderTableViewCell.h; sourceTree = "<group>"; };
		38DDF0F116BD19B80054146E /* ChatsHeaderTableViewCell.m */ = {isa = PBXFileReference; fileEncoding = 4; lastKnownFileType = sourcecode.c.objc; path = ChatsHeaderTableViewCell.m; sourceTree = "<group>"; };
		38DDF0F316BD1C3C0054146E /* ChatsTableView.h */ = {isa = PBXFileReference; fileEncoding = 4; lastKnownFileType = sourcecode.c.h; path = ChatsTableView.h; sourceTree = "<group>"; };
		38DDF0F416BD1C3C0054146E /* ChatsTableView.m */ = {isa = PBXFileReference; fileEncoding = 4; lastKnownFileType = sourcecode.c.objc; path = ChatsTableView.m; sourceTree = "<group>"; };
		38DDF0F616BD1E500054146E /* ChatsTableViewDataSource.h */ = {isa = PBXFileReference; fileEncoding = 4; lastKnownFileType = sourcecode.c.h; path = ChatsTableViewDataSource.h; sourceTree = "<group>"; };
		38E199D11699C203000F30A2 /* zh-Hans */ = {isa = PBXFileReference; lastKnownFileType = text.plist.strings; name = "zh-Hans"; path = "zh-Hans.lproj/Localizable.strings"; sourceTree = "<group>"; };
		38E199D31699C20E000F30A2 /* en */ = {isa = PBXFileReference; lastKnownFileType = text.plist.strings; name = en; path = en.lproj/Localizable.strings; sourceTree = "<group>"; };
		38FC2C7F169A5AD9009C121C /* EPModelBase.h */ = {isa = PBXFileReference; fileEncoding = 4; lastKnownFileType = sourcecode.c.h; path = EPModelBase.h; sourceTree = "<group>"; };
		38FC2C80169A5AD9009C121C /* EPModelBase.m */ = {isa = PBXFileReference; fileEncoding = 4; lastKnownFileType = sourcecode.c.objc; path = EPModelBase.m; sourceTree = "<group>"; };
		38FC2C82169A5B10009C121C /* EPNotice.h */ = {isa = PBXFileReference; fileEncoding = 4; lastKnownFileType = sourcecode.c.h; path = EPNotice.h; sourceTree = "<group>"; };
		38FC2C83169A5B10009C121C /* EPNotice.m */ = {isa = PBXFileReference; fileEncoding = 4; lastKnownFileType = sourcecode.c.objc; path = EPNotice.m; sourceTree = "<group>"; };
		38FC2C85169A5BFB009C121C /* chats_tabbar.png */ = {isa = PBXFileReference; lastKnownFileType = image.png; path = chats_tabbar.png; sourceTree = "<group>"; };
		38FC2C86169A5BFB009C121C /* notice_tabbar.png */ = {isa = PBXFileReference; lastKnownFileType = image.png; path = notice_tabbar.png; sourceTree = "<group>"; };
		38FC2C87169A5BFB009C121C /* settings_tabbar.png */ = {isa = PBXFileReference; lastKnownFileType = image.png; path = settings_tabbar.png; sourceTree = "<group>"; };
		38FC2C88169A5BFB009C121C /* social_tabbar.png */ = {isa = PBXFileReference; lastKnownFileType = image.png; path = social_tabbar.png; sourceTree = "<group>"; };
		38FC2D2B169BC73A009C121C /* UIColor+Explorer.h */ = {isa = PBXFileReference; fileEncoding = 4; lastKnownFileType = sourcecode.c.h; path = "UIColor+Explorer.h"; sourceTree = "<group>"; };
		38FC2D2C169BC73A009C121C /* UIColor+Explorer.m */ = {isa = PBXFileReference; fileEncoding = 4; lastKnownFileType = sourcecode.c.objc; path = "UIColor+Explorer.m"; sourceTree = "<group>"; };
		38FC2D2F169BC843009C121C /* NoticeTableViewCell.h */ = {isa = PBXFileReference; fileEncoding = 4; lastKnownFileType = sourcecode.c.h; path = NoticeTableViewCell.h; sourceTree = "<group>"; };
		38FC2D30169BC843009C121C /* NoticeTableViewCell.m */ = {isa = PBXFileReference; fileEncoding = 4; lastKnownFileType = sourcecode.c.objc; path = NoticeTableViewCell.m; sourceTree = "<group>"; };
		777D73D29F014FBD8AC849F4 /* libPods.a */ = {isa = PBXFileReference; explicitFileType = archive.ar; includeInIndex = 0; path = libPods.a; sourceTree = BUILT_PRODUCTS_DIR; };
		885625FB308243E7B22CC871 /* Pods.xcconfig */ = {isa = PBXFileReference; includeInIndex = 1; lastKnownFileType = text.xcconfig; name = Pods.xcconfig; path = Pods/Pods.xcconfig; sourceTree = SOURCE_ROOT; };
/* End PBXFileReference section */

/* Begin PBXFrameworksBuildPhase section */
		385D479E1699781F00731895 /* Frameworks */ = {
			isa = PBXFrameworksBuildPhase;
			buildActionMask = 2147483647;
			files = (
				385D47A61699781F00731895 /* UIKit.framework in Frameworks */,
				385D47A81699781F00731895 /* Foundation.framework in Frameworks */,
				385D47AA1699781F00731895 /* CoreGraphics.framework in Frameworks */,
				4B1F726DE85248A5AB654678 /* libPods.a in Frameworks */,
			);
			runOnlyForDeploymentPostprocessing = 0;
		};
/* End PBXFrameworksBuildPhase section */

/* Begin PBXGroup section */
		384AED7016BE64C300B21093 /* Chats */ = {
			isa = PBXGroup;
			children = (
				384AED7116BE64C300B21093 /* bubbleMine.png */,
				384AED7216BE64C300B21093 /* bubbleMine@2x.png */,
				384AED7316BE64C300B21093 /* bubbleSomeone.png */,
				384AED7416BE64C300B21093 /* bubbleSomeone@2x.png */,
				384AED7516BE64C300B21093 /* missingAvatar.png */,
				384AED7616BE64C300B21093 /* missingAvatar@2x.png */,
				384AED7716BE64C300B21093 /* typingMine.png */,
				384AED7816BE64C300B21093 /* typingMine@2x.png */,
				384AED7916BE64C300B21093 /* typingSomeone.png */,
				384AED7A16BE64C300B21093 /* typingSomeone@2x.png */,
			);
			path = Chats;
			sourceTree = "<group>";
		};
		385D47961699781E00731895 = {
			isa = PBXGroup;
			children = (
				38FC2D2A169BC70D009C121C /* Categories */,
				385D47AB1699781F00731895 /* Explorer */,
				385D47A41699781F00731895 /* Frameworks */,
				385D47A21699781F00731895 /* Products */,
				385D47D116997A9C00731895 /* Resources */,
				885625FB308243E7B22CC871 /* Pods.xcconfig */,
			);
			sourceTree = "<group>";
		};
		385D47A21699781F00731895 /* Products */ = {
			isa = PBXGroup;
			children = (
				385D47A11699781F00731895 /* Explorer.app */,
			);
			name = Products;
			sourceTree = "<group>";
		};
		385D47A41699781F00731895 /* Frameworks */ = {
			isa = PBXGroup;
			children = (
				385D47A51699781F00731895 /* UIKit.framework */,
				385D47A71699781F00731895 /* Foundation.framework */,
				385D47A91699781F00731895 /* CoreGraphics.framework */,
				777D73D29F014FBD8AC849F4 /* libPods.a */,
			);
			name = Frameworks;
			sourceTree = "<group>";
		};
		385D47AB1699781F00731895 /* Explorer */ = {
			isa = PBXGroup;
			children = (
				385D47CF169979D100731895 /* Models */,
				385D47CE169979BE00731895 /* ViewControllers */,
				385D47D0169979DC00731895 /* Views */,
				385D47B41699781F00731895 /* AppDelegate.h */,
				385D47B51699781F00731895 /* AppDelegate.m */,
				385D47AC1699781F00731895 /* Supporting Files */,
			);
			path = Explorer;
			sourceTree = "<group>";
		};
		385D47AC1699781F00731895 /* Supporting Files */ = {
			isa = PBXGroup;
			children = (
				385D47AD1699781F00731895 /* Explorer-Info.plist */,
				385D47AE1699781F00731895 /* InfoPlist.strings */,
				385D47B11699781F00731895 /* main.m */,
				385D47B31699781F00731895 /* Explorer-Prefix.pch */,
				385D47B71699781F00731895 /* Default.png */,
				385D47B91699781F00731895 /* Default@2x.png */,
				385D47BB1699781F00731895 /* Default-568h@2x.png */,
				38E199D21699C203000F30A2 /* Localizable.strings */,
			);
			name = "Supporting Files";
			sourceTree = "<group>";
		};
		385D47CE169979BE00731895 /* ViewControllers */ = {
			isa = PBXGroup;
			children = (
				38DDF0EF16BD19930054146E /* Chats */,
				385D47FC1699AB6200731895 /* ChatsListViewController.h */,
				385D47FD1699AB6200731895 /* ChatsListViewController.m */,
				385D47F21699AA6800731895 /* NoticeViewController.h */,
				385D47F31699AA6800731895 /* NoticeViewController.m */,
				385D47F91699AB4A00731895 /* SettingsViewController.h */,
				385D47FA1699AB4A00731895 /* SettingsViewController.m */,
				385D47F61699AB3700731895 /* SocialViewController.h */,
				385D47F71699AB3700731895 /* SocialViewController.m */,
			);
			name = ViewControllers;
			sourceTree = "<group>";
		};
		385D47CF169979D100731895 /* Models */ = {
			isa = PBXGroup;
			children = (
				38FC2C7F169A5AD9009C121C /* EPModelBase.h */,
				38FC2C80169A5AD9009C121C /* EPModelBase.m */,
				38FC2C82169A5B10009C121C /* EPNotice.h */,
				38FC2C83169A5B10009C121C /* EPNotice.m */,
				38154373169AFF6B00969009 /* EPChat.h */,
				38154374169AFF6B00969009 /* EPChat.m */,
			);
			name = Models;
			sourceTree = "<group>";
		};
		385D47D0169979DC00731895 /* Views */ = {
			isa = PBXGroup;
			children = (
				38FC2D2E169BC7CB009C121C /* Cells */,
			);
			name = Views;
			sourceTree = "<group>";
		};
		385D47D116997A9C00731895 /* Resources */ = {
			isa = PBXGroup;
			children = (
				385D47D216997A9C00731895 /* Images */,
			);
			path = Resources;
			sourceTree = "<group>";
		};
		385D47D216997A9C00731895 /* Images */ = {
			isa = PBXGroup;
			children = (
				384AED7016BE64C300B21093 /* Chats */,
				385D480A1699B0C900731895 /* Tabbar */,
				385D47D316997A9C00731895 /* Default-568h@2x.png */,
				385D47D416997A9C00731895 /* Default.png */,
				385D47D516997A9C00731895 /* Default@2x.png */,
				385D47D616997A9C00731895 /* Icon.png */,
				385D47D716997A9C00731895 /* Icon@2x.png */,
			);
			path = Images;
			sourceTree = "<group>";
		};
		385D480A1699B0C900731895 /* Tabbar */ = {
			isa = PBXGroup;
			children = (
				38FC2C85169A5BFB009C121C /* chats_tabbar.png */,
				38FC2C86169A5BFB009C121C /* notice_tabbar.png */,
				38FC2C87169A5BFB009C121C /* settings_tabbar.png */,
				38FC2C88169A5BFB009C121C /* social_tabbar.png */,
			);
			path = Tabbar;
			sourceTree = "<group>";
		};
		38DDF0EF16BD19930054146E /* Chats */ = {
			isa = PBXGroup;
			children = (
				38DDF0F016BD19B80054146E /* ChatsHeaderTableViewCell.h */,
				38DDF0F116BD19B80054146E /* ChatsHeaderTableViewCell.m */,
				38DDF0F316BD1C3C0054146E /* ChatsTableView.h */,
				38DDF0F416BD1C3C0054146E /* ChatsTableView.m */,
				38DDF0EC16BD198B0054146E /* ChatsTableViewCell.h */,
				38DDF0ED16BD198B0054146E /* ChatsTableViewCell.m */,
				38DDF0F616BD1E500054146E /* ChatsTableViewDataSource.h */,
				38DDF0E916BD157B0054146E /* ChatsViewController.h */,
				38DDF0EA16BD157B0054146E /* ChatsViewController.m */,
			);
			name = Chats;
			sourceTree = "<group>";
		};
		38FC2D2A169BC70D009C121C /* Categories */ = {
			isa = PBXGroup;
			children = (
				38FC2D2B169BC73A009C121C /* UIColor+Explorer.h */,
				38FC2D2C169BC73A009C121C /* UIColor+Explorer.m */,
			);
			name = Categories;
			sourceTree = "<group>";
		};
		38FC2D2E169BC7CB009C121C /* Cells */ = {
			isa = PBXGroup;
			children = (
				38FC2D2F169BC843009C121C /* NoticeTableViewCell.h */,
				38FC2D30169BC843009C121C /* NoticeTableViewCell.m */,
				38154370169AFF2100969009 /* ChatsListTableViewCell.h */,
				38154371169AFF2100969009 /* ChatsListTableViewCell.m */,
			);
			name = Cells;
			sourceTree = "<group>";
		};
/* End PBXGroup section */

/* Begin PBXNativeTarget section */
		385D47A01699781F00731895 /* Explorer */ = {
			isa = PBXNativeTarget;
			buildConfigurationList = 385D47C51699781F00731895 /* Build configuration list for PBXNativeTarget "Explorer" */;
			buildPhases = (
				385D479D1699781F00731895 /* Sources */,
				385D479E1699781F00731895 /* Frameworks */,
				385D479F1699781F00731895 /* Resources */,
				1397860BE31945098A15F8E5 /* Copy Pods Resources */,
			);
			buildRules = (
			);
			dependencies = (
			);
			name = Explorer;
			productName = Explorer;
			productReference = 385D47A11699781F00731895 /* Explorer.app */;
			productType = "com.apple.product-type.application";
		};
/* End PBXNativeTarget section */

/* Begin PBXProject section */
		385D47981699781E00731895 /* Project object */ = {
			isa = PBXProject;
			attributes = {
				CLASSPREFIX = main;
				LastUpgradeCheck = 0450;
				ORGANIZATIONNAME = "Lanvige Jiang";
			};
			buildConfigurationList = 385D479B1699781E00731895 /* Build configuration list for PBXProject "Explorer" */;
			compatibilityVersion = "Xcode 3.2";
			developmentRegion = English;
			hasScannedForEncodings = 0;
			knownRegions = (
				en,
				"zh-Hans",
			);
			mainGroup = 385D47961699781E00731895;
			productRefGroup = 385D47A21699781F00731895 /* Products */;
			projectDirPath = "";
			projectRoot = "";
			targets = (
				385D47A01699781F00731895 /* Explorer */,
			);
		};
/* End PBXProject section */

/* Begin PBXResourcesBuildPhase section */
		385D479F1699781F00731895 /* Resources */ = {
			isa = PBXResourcesBuildPhase;
			buildActionMask = 2147483647;
			files = (
				385D47B01699781F00731895 /* InfoPlist.strings in Resources */,
				385D47D816997A9C00731895 /* Default-568h@2x.png in Resources */,
				385D47D916997A9C00731895 /* Default.png in Resources */,
				385D47DA16997A9C00731895 /* Default@2x.png in Resources */,
				385D47DB16997A9C00731895 /* Icon.png in Resources */,
				385D47DC16997A9C00731895 /* Icon@2x.png in Resources */,
				38E199D01699C203000F30A2 /* Localizable.strings in Resources */,
				38FC2C89169A5BFB009C121C /* chats_tabbar.png in Resources */,
				38FC2C8A169A5BFB009C121C /* notice_tabbar.png in Resources */,
				38FC2C8B169A5BFB009C121C /* settings_tabbar.png in Resources */,
				38FC2C8C169A5BFB009C121C /* social_tabbar.png in Resources */,
				384AED7B16BE64C300B21093 /* bubbleMine.png in Resources */,
				384AED7C16BE64C300B21093 /* bubbleMine@2x.png in Resources */,
				384AED7D16BE64C300B21093 /* bubbleSomeone.png in Resources */,
				384AED7E16BE64C300B21093 /* bubbleSomeone@2x.png in Resources */,
				384AED7F16BE64C300B21093 /* missingAvatar.png in Resources */,
				384AED8016BE64C300B21093 /* missingAvatar@2x.png in Resources */,
				384AED8116BE64C300B21093 /* typingMine.png in Resources */,
				384AED8216BE64C300B21093 /* typingMine@2x.png in Resources */,
				384AED8316BE64C300B21093 /* typingSomeone.png in Resources */,
				384AED8416BE64C300B21093 /* typingSomeone@2x.png in Resources */,
			);
			runOnlyForDeploymentPostprocessing = 0;
		};
/* End PBXResourcesBuildPhase section */

/* Begin PBXShellScriptBuildPhase section */
		1397860BE31945098A15F8E5 /* Copy Pods Resources */ = {
			isa = PBXShellScriptBuildPhase;
			buildActionMask = 2147483647;
			files = (
			);
			inputPaths = (
			);
			name = "Copy Pods Resources";
			outputPaths = (
			);
			runOnlyForDeploymentPostprocessing = 0;
			shellPath = /bin/sh;
			shellScript = "\"${SRCROOT}/Pods/Pods-resources.sh\"\n";
		};
/* End PBXShellScriptBuildPhase section */

/* Begin PBXSourcesBuildPhase section */
		385D479D1699781F00731895 /* Sources */ = {
			isa = PBXSourcesBuildPhase;
			buildActionMask = 2147483647;
			files = (
				385D47B21699781F00731895 /* main.m in Sources */,
				385D47B61699781F00731895 /* AppDelegate.m in Sources */,
				385D47F41699AA6800731895 /* NoticeViewController.m in Sources */,
				385D47F81699AB3700731895 /* SocialViewController.m in Sources */,
				385D47FB1699AB4A00731895 /* SettingsViewController.m in Sources */,
				385D47FE1699AB6200731895 /* ChatsListViewController.m in Sources */,
				38FC2C81169A5AD9009C121C /* EPModelBase.m in Sources */,
				38FC2C84169A5B10009C121C /* EPNotice.m in Sources */,
				38154372169AFF2100969009 /* ChatsListTableViewCell.m in Sources */,
				38154375169AFF6B00969009 /* EPChat.m in Sources */,
				38FC2D2D169BC73A009C121C /* UIColor+Explorer.m in Sources */,
				38FC2D31169BC843009C121C /* NoticeTableViewCell.m in Sources */,
				38DDF0EB16BD157B0054146E /* ChatsViewController.m in Sources */,
				38DDF0EE16BD198B0054146E /* ChatsTableViewCell.m in Sources */,
				38DDF0F216BD19B80054146E /* ChatsHeaderTableViewCell.m in Sources */,
				38DDF0F516BD1C3C0054146E /* ChatsTableView.m in Sources */,
			);
			runOnlyForDeploymentPostprocessing = 0;
		};
/* End PBXSourcesBuildPhase section */

/* Begin PBXVariantGroup section */
		385D47AE1699781F00731895 /* InfoPlist.strings */ = {
			isa = PBXVariantGroup;
			children = (
				385D47AF1699781F00731895 /* en */,
				385D47CD1699790E00731895 /* zh-Hans */,
			);
			name = InfoPlist.strings;
			sourceTree = "<group>";
		};
		38E199D21699C203000F30A2 /* Localizable.strings */ = {
			isa = PBXVariantGroup;
			children = (
				38E199D11699C203000F30A2 /* zh-Hans */,
				38E199D31699C20E000F30A2 /* en */,
			);
			name = Localizable.strings;
			sourceTree = "<group>";
		};
/* End PBXVariantGroup section */

/* Begin XCBuildConfiguration section */
		385D47C31699781F00731895 /* Debug */ = {
			isa = XCBuildConfiguration;
			buildSettings = {
				ALWAYS_SEARCH_USER_PATHS = NO;
				CLANG_CXX_LANGUAGE_STANDARD = "gnu++0x";
				CLANG_CXX_LIBRARY = "libc++";
				CLANG_ENABLE_OBJC_ARC = YES;
				CLANG_WARN_EMPTY_BODY = YES;
				CLANG_WARN__DUPLICATE_METHOD_MATCH = YES;
				"CODE_SIGN_IDENTITY[sdk=iphoneos*]" = "iPhone Developer";
				COPY_PHASE_STRIP = NO;
				GCC_C_LANGUAGE_STANDARD = gnu99;
				GCC_DYNAMIC_NO_PIC = NO;
				GCC_OPTIMIZATION_LEVEL = 0;
				GCC_PREPROCESSOR_DEFINITIONS = (
					"DEBUG=1",
					"$(inherited)",
				);
				GCC_SYMBOLS_PRIVATE_EXTERN = NO;
				GCC_WARN_ABOUT_RETURN_TYPE = YES;
				GCC_WARN_UNINITIALIZED_AUTOS = YES;
				GCC_WARN_UNUSED_VARIABLE = YES;
				IPHONEOS_DEPLOYMENT_TARGET = 6.0;
				ONLY_ACTIVE_ARCH = YES;
				SDKROOT = iphoneos;
			};
			name = Debug;
		};
		385D47C41699781F00731895 /* Release */ = {
			isa = XCBuildConfiguration;
			buildSettings = {
				ALWAYS_SEARCH_USER_PATHS = NO;
				CLANG_CXX_LANGUAGE_STANDARD = "gnu++0x";
				CLANG_CXX_LIBRARY = "libc++";
				CLANG_ENABLE_OBJC_ARC = YES;
				CLANG_WARN_EMPTY_BODY = YES;
				CLANG_WARN__DUPLICATE_METHOD_MATCH = YES;
				"CODE_SIGN_IDENTITY[sdk=iphoneos*]" = "iPhone Developer";
				COPY_PHASE_STRIP = YES;
				GCC_C_LANGUAGE_STANDARD = gnu99;
				GCC_WARN_ABOUT_RETURN_TYPE = YES;
				GCC_WARN_UNINITIALIZED_AUTOS = YES;
				GCC_WARN_UNUSED_VARIABLE = YES;
				IPHONEOS_DEPLOYMENT_TARGET = 6.0;
				OTHER_CFLAGS = "-DNS_BLOCK_ASSERTIONS=1";
				SDKROOT = iphoneos;
				VALIDATE_PRODUCT = YES;
			};
			name = Release;
		};
		385D47C61699781F00731895 /* Debug */ = {
			isa = XCBuildConfiguration;
			baseConfigurationReference = 885625FB308243E7B22CC871 /* Pods.xcconfig */;
			buildSettings = {
				GCC_PRECOMPILE_PREFIX_HEADER = YES;
				GCC_PREFIX_HEADER = "Explorer/Explorer-Prefix.pch";
				INFOPLIST_FILE = "Explorer/Explorer-Info.plist";
				IPHONEOS_DEPLOYMENT_TARGET = 5.0;
				PRODUCT_NAME = "$(TARGET_NAME)";
				WRAPPER_EXTENSION = app;
			};
			name = Debug;
		};
		385D47C71699781F00731895 /* Release */ = {
			isa = XCBuildConfiguration;
			baseConfigurationReference = 885625FB308243E7B22CC871 /* Pods.xcconfig */;
			buildSettings = {
				GCC_PRECOMPILE_PREFIX_HEADER = YES;
				GCC_PREFIX_HEADER = "Explorer/Explorer-Prefix.pch";
				INFOPLIST_FILE = "Explorer/Explorer-Info.plist";
				IPHONEOS_DEPLOYMENT_TARGET = 5.0;
				PRODUCT_NAME = "$(TARGET_NAME)";
				WRAPPER_EXTENSION = app;
			};
			name = Release;
		};
/* End XCBuildConfiguration section */

/* Begin XCConfigurationList section */
		385D479B1699781E00731895 /* Build configuration list for PBXProject "Explorer" */ = {
			isa = XCConfigurationList;
			buildConfigurations = (
				385D47C31699781F00731895 /* Debug */,
				385D47C41699781F00731895 /* Release */,
			);
			defaultConfigurationIsVisible = 0;
			defaultConfigurationName = Release;
		};
		385D47C51699781F00731895 /* Build configuration list for PBXNativeTarget "Explorer" */ = {
			isa = XCConfigurationList;
			buildConfigurations = (
				385D47C61699781F00731895 /* Debug */,
				385D47C71699781F00731895 /* Release */,
			);
			defaultConfigurationIsVisible = 0;
			defaultConfigurationName = Release;
		};
/* End XCConfigurationList section */
	};
	rootObject = 385D47981699781E00731895 /* Project object */;
}
